
Microsoft Visual Studio Solution File, Format Version 12.00
# Visual Studio Version 17
VisualStudioVersion = 17.14.37502.11 d17.14
MinimumVisualStudioVersion = 10.0.40219.1
Project("{FAE04EC0-301F-11D3-BF4B-00C04F79EFBC}") = "KeePassIconDownloader", "KeePassIconDownloader.csproj", "{93D6BE60-EE2D-4ED8-B2CB-8079BD0193B8}"
EndProject
Global
	GlobalSection(SolutionConfigurationPlatforms) = preSolution
		Debug|Any CPU = Debug|Any CPU
		Release|Any CPU = Release|Any CPU
	EndGlobalSection
	GlobalSection(ProjectConfigurationPlatforms) = postSolution
		{93D6BE60-EE2D-4ED8-B2CB-8079BD0193B8}.Debug|Any CPU.ActiveCfg = Debug|Any CPU
		{93D6BE60-EE2D-4ED8-B2CB-8079BD0193B8}.Debug|Any CPU.Build.0 = Debug|Any CPU
		{93D6BE60-EE2D-4ED8-B2CB-8079BD0193B8}.Release|Any CPU.ActiveCfg = Release|Any CPU
		{93D6BE60-EE2D-4ED8-B2CB-8079BD0193B8}.Release|Any CPU.Build.0 = Release|Any CPU
	EndGlobalSection
	GlobalSection(SolutionProperties) = preSolution
		HideSolutionNode = FALSE
	EndGlobalSection
	GlobalSection(ExtensibilityGlobals) = postSolution
		SolutionGuid = {6500F789-C346-4096-A726-3DFDA377AF3A}
	EndGlobalSection
EndGlobal
